// !$*UTF8*$!
{
	archiveVersion = 1;
	classes = {
	};
	objectVersion = 46;
	objects = {

/* Begin PBXBuildFile section */
		07BDB9421E52B57400D618DF /* DetailViewController.swift in Sources */ = {isa = PBXBuildFile; fileRef = 07BDB93E1E52B57400D618DF /* DetailViewController.swift */; };
		07BDB9431E52B57400D618DF /* HomeViewController.swift in Sources */ = {isa = PBXBuildFile; fileRef = 07BDB93F1E52B57400D618DF /* HomeViewController.swift */; };
		07BDB9441E52B57400D618DF /* MenuViewController.swift in Sources */ = {isa = PBXBuildFile; fileRef = 07BDB9401E52B57400D618DF /* MenuViewController.swift */; };
		07BDB9451E52B57400D618DF /* ThemeViewController.swift in Sources */ = {isa = PBXBuildFile; fileRef = 07BDB9411E52B57400D618DF /* ThemeViewController.swift */; };
		07BDB94B1E52B58B00D618DF /* BannerCell.swift in Sources */ = {isa = PBXBuildFile; fileRef = 07BDB9461E52B58B00D618DF /* BannerCell.swift */; };
		07BDB94C1E52B58B00D618DF /* BannerView.swift in Sources */ = {isa = PBXBuildFile; fileRef = 07BDB9471E52B58B00D618DF /* BannerView.swift */; };
		07BDB94D1E52B58B00D618DF /* ListTableViewCell.swift in Sources */ = {isa = PBXBuildFile; fileRef = 07BDB9481E52B58B00D618DF /* ListTableViewCell.swift */; };
		07BDB94E1E52B58B00D618DF /* RefreshView.swift in Sources */ = {isa = PBXBuildFile; fileRef = 07BDB9491E52B58B00D618DF /* RefreshView.swift */; };
		07BDB94F1E52B58B00D618DF /* ThemeTableViewCell.swift in Sources */ = {isa = PBXBuildFile; fileRef = 07BDB94A1E52B58B00D618DF /* ThemeTableViewCell.swift */; };
		07BDB9531E52B59800D618DF /* NewsDetailModel.swift in Sources */ = {isa = PBXBuildFile; fileRef = 07BDB9501E52B59800D618DF /* NewsDetailModel.swift */; };
		07BDB9541E52B59800D618DF /* StoryModel.swift in Sources */ = {isa = PBXBuildFile; fileRef = 07BDB9511E52B59800D618DF /* StoryModel.swift */; };
		07BDB9551E52B59800D618DF /* ThemeModel.swift in Sources */ = {isa = PBXBuildFile; fileRef = 07BDB9521E52B59800D618DF /* ThemeModel.swift */; };
		07BDB9591E52B5A600D618DF /* ApiManager.swift in Sources */ = {isa = PBXBuildFile; fileRef = 07BDB9561E52B5A600D618DF /* ApiManager.swift */; };
		07BDB95A1E52B5A600D618DF /* ToModelExtension.swift in Sources */ = {isa = PBXBuildFile; fileRef = 07BDB9571E52B5A600D618DF /* ToModelExtension.swift */; };
		07BDB95B1E52B5A600D618DF /* ToolExtension.swift in Sources */ = {isa = PBXBuildFile; fileRef = 07BDB9581E52B5A600D618DF /* ToolExtension.swift */; };
		07BDB95D1E5401E300D618DF /* DetailWebView.swift in Sources */ = {isa = PBXBuildFile; fileRef = 07BDB95C1E5401E300D618DF /* DetailWebView.swift */; };
		07F4127A1E569CDA00C5DE06 /* LaunchViewController.swift in Sources */ = {isa = PBXBuildFile; fileRef = 07F412791E569CDA00C5DE06 /* LaunchViewController.swift */; };
		07F412801E56A5D200C5DE06 /* MainViewController.swift in Sources */ = {isa = PBXBuildFile; fileRef = 07F4127F1E56A5D200C5DE06 /* MainViewController.swift */; };
		07F412821E56AC7700C5DE06 /* LaunchModel.swift in Sources */ = {isa = PBXBuildFile; fileRef = 07F412811E56AC7700C5DE06 /* LaunchModel.swift */; };
		07F412841E58460700C5DE06 /* newsChange.gif in Resources */ = {isa = PBXBuildFile; fileRef = 07F412831E58460700C5DE06 /* newsChange.gif */; };
		07F412861E58461000C5DE06 /* menuShow.gif in Resources */ = {isa = PBXBuildFile; fileRef = 07F412851E58461000C5DE06 /* menuShow.gif */; };
		20111F741E3B7A860095EA90 /* AppDelegate.swift in Sources */ = {isa = PBXBuildFile; fileRef = 20111F731E3B7A860095EA90 /* AppDelegate.swift */; };
		20111F791E3B7A860095EA90 /* Main.storyboard in Resources */ = {isa = PBXBuildFile; fileRef = 20111F771E3B7A860095EA90 /* Main.storyboard */; };
		20111F7B1E3B7A860095EA90 /* Assets.xcassets in Resources */ = {isa = PBXBuildFile; fileRef = 20111F7A1E3B7A860095EA90 /* Assets.xcassets */; };
		20111F7E1E3B7A860095EA90 /* LaunchScreen.storyboard in Resources */ = {isa = PBXBuildFile; fileRef = 20111F7C1E3B7A860095EA90 /* LaunchScreen.storyboard */; };
		20111F891E3B7A870095EA90 /* ZhiHu_RxSwiftTests.swift in Sources */ = {isa = PBXBuildFile; fileRef = 20111F881E3B7A870095EA90 /* ZhiHu_RxSwiftTests.swift */; };
		20111F941E3B7A870095EA90 /* ZhiHu_RxSwiftUITests.swift in Sources */ = {isa = PBXBuildFile; fileRef = 20111F931E3B7A870095EA90 /* ZhiHu_RxSwiftUITests.swift */; };
		EFEC940163E83E30083F4D32 /* Pods_ZhiHu_RxSwift.framework in Frameworks */ = {isa = PBXBuildFile; fileRef = 5BBB9E0D5531B515FC00D848 /* Pods_ZhiHu_RxSwift.framework */; };
/* End PBXBuildFile section */

/* Begin PBXContainerItemProxy section */
		20111F851E3B7A870095EA90 /* PBXContainerItemProxy */ = {
			isa = PBXContainerItemProxy;
			containerPortal = 20111F681E3B7A860095EA90 /* Project object */;
			proxyType = 1;
			remoteGlobalIDString = 20111F6F1E3B7A860095EA90;
			remoteInfo = "ZhiHu+RxSwift";
		};
		20111F901E3B7A870095EA90 /* PBXContainerItemProxy */ = {
			isa = PBXContainerItemProxy;
			containerPortal = 20111F681E3B7A860095EA90 /* Project object */;
			proxyType = 1;
			remoteGlobalIDString = 20111F6F1E3B7A860095EA90;
			remoteInfo = "ZhiHu+RxSwift";
		};
/* End PBXContainerItemProxy section */

/* Begin PBXFileReference section */
		07BDB93E1E52B57400D618DF /* DetailViewController.swift */ = {isa = PBXFileReference; fileEncoding = 4; lastKnownFileType = sourcecode.swift; path = DetailViewController.swift; sourceTree = "<group>"; };
		07BDB93F1E52B57400D618DF /* HomeViewController.swift */ = {isa = PBXFileReference; fileEncoding = 4; lastKnownFileType = sourcecode.swift; path = HomeViewController.swift; sourceTree = "<group>"; };
		07BDB9401E52B57400D618DF /* MenuViewController.swift */ = {isa = PBXFileReference; fileEncoding = 4; lastKnownFileType = sourcecode.swift; path = MenuViewController.swift; sourceTree = "<group>"; };
		07BDB9411E52B57400D618DF /* ThemeViewController.swift */ = {isa = PBXFileReference; fileEncoding = 4; lastKnownFileType = sourcecode.swift; path = ThemeViewController.swift; sourceTree = "<group>"; };
		07BDB9461E52B58B00D618DF /* BannerCell.swift */ = {isa = PBXFileReference; fileEncoding = 4; lastKnownFileType = sourcecode.swift; path = BannerCell.swift; sourceTree = "<group>"; };
		07BDB9471E52B58B00D618DF /* BannerView.swift */ = {isa = PBXFileReference; fileEncoding = 4; lastKnownFileType = sourcecode.swift; path = BannerView.swift; sourceTree = "<group>"; };
		07BDB9481E52B58B00D618DF /* ListTableViewCell.swift */ = {isa = PBXFileReference; fileEncoding = 4; lastKnownFileType = sourcecode.swift; path = ListTableViewCell.swift; sourceTree = "<group>"; };
		07BDB9491E52B58B00D618DF /* RefreshView.swift */ = {isa = PBXFileReference; fileEncoding = 4; lastKnownFileType = sourcecode.swift; path = RefreshView.swift; sourceTree = "<group>"; };
		07BDB94A1E52B58B00D618DF /* ThemeTableViewCell.swift */ = {isa = PBXFileReference; fileEncoding = 4; lastKnownFileType = sourcecode.swift; path = ThemeTableViewCell.swift; sourceTree = "<group>"; };
		07BDB9501E52B59800D618DF /* NewsDetailModel.swift */ = {isa = PBXFileReference; fileEncoding = 4; lastKnownFileType = sourcecode.swift; path = NewsDetailModel.swift; sourceTree = "<group>"; };
		07BDB9511E52B59800D618DF /* StoryModel.swift */ = {isa = PBXFileReference; fileEncoding = 4; lastKnownFileType = sourcecode.swift; path = StoryModel.swift; sourceTree = "<group>"; };
		07BDB9521E52B59800D618DF /* ThemeModel.swift */ = {isa = PBXFileReference; fileEncoding = 4; lastKnownFileType = sourcecode.swift; path = ThemeModel.swift; sourceTree = "<group>"; };
		07BDB9561E52B5A600D618DF /* ApiManager.swift */ = {isa = PBXFileReference; fileEncoding = 4; lastKnownFileType = sourcecode.swift; path = ApiManager.swift; sourceTree = "<group>"; };
		07BDB9571E52B5A600D618DF /* ToModelExtension.swift */ = {isa = PBXFileReference; fileEncoding = 4; lastKnownFileType = sourcecode.swift; path = ToModelExtension.swift; sourceTree = "<group>"; };
		07BDB9581E52B5A600D618DF /* ToolExtension.swift */ = {isa = PBXFileReference; fileEncoding = 4; lastKnownFileType = sourcecode.swift; path = ToolExtension.swift; sourceTree = "<group>"; };
		07BDB95C1E5401E300D618DF /* DetailWebView.swift */ = {isa = PBXFileReference; fileEncoding = 4; lastKnownFileType = sourcecode.swift; path = DetailWebView.swift; sourceTree = "<group>"; };
		07F412791E569CDA00C5DE06 /* LaunchViewController.swift */ = {isa = PBXFileReference; fileEncoding = 4; lastKnownFileType = sourcecode.swift; path = LaunchViewController.swift; sourceTree = "<group>"; };
		07F4127F1E56A5D200C5DE06 /* MainViewController.swift */ = {isa = PBXFileReference; fileEncoding = 4; lastKnownFileType = sourcecode.swift; path = MainViewController.swift; sourceTree = "<group>"; };
		07F412811E56AC7700C5DE06 /* LaunchModel.swift */ = {isa = PBXFileReference; fileEncoding = 4; lastKnownFileType = sourcecode.swift; path = LaunchModel.swift; sourceTree = "<group>"; };
		07F412831E58460700C5DE06 /* newsChange.gif */ = {isa = PBXFileReference; lastKnownFileType = image.gif; path = newsChange.gif; sourceTree = "<group>"; };
		07F412851E58461000C5DE06 /* menuShow.gif */ = {isa = PBXFileReference; lastKnownFileType = image.gif; path = menuShow.gif; sourceTree = "<group>"; };
		20111F701E3B7A860095EA90 /* ZhiHu+RxSwift.app */ = {isa = PBXFileReference; explicitFileType = wrapper.application; includeInIndex = 0; path = "ZhiHu+RxSwift.app"; sourceTree = BUILT_PRODUCTS_DIR; };
		20111F731E3B7A860095EA90 /* AppDelegate.swift */ = {isa = PBXFileReference; lastKnownFileType = sourcecode.swift; path = AppDelegate.swift; sourceTree = "<group>"; };
		20111F781E3B7A860095EA90 /* Base */ = {isa = PBXFileReference; lastKnownFileType = file.storyboard; name = Base; path = Base.lproj/Main.storyboard; sourceTree = "<group>"; };
		20111F7A1E3B7A860095EA90 /* Assets.xcassets */ = {isa = PBXFileReference; lastKnownFileType = folder.assetcatalog; path = Assets.xcassets; sourceTree = "<group>"; };
		20111F7D1E3B7A860095EA90 /* Base */ = {isa = PBXFileReference; lastKnownFileType = file.storyboard; name = Base; path = Base.lproj/LaunchScreen.storyboard; sourceTree = "<group>"; };
		20111F7F1E3B7A860095EA90 /* Info.plist */ = {isa = PBXFileReference; lastKnownFileType = text.plist.xml; path = Info.plist; sourceTree = "<group>"; };
		20111F841E3B7A870095EA90 /* ZhiHu+RxSwiftTests.xctest */ = {isa = PBXFileReference; explicitFileType = wrapper.cfbundle; includeInIndex = 0; path = "ZhiHu+RxSwiftTests.xctest"; sourceTree = BUILT_PRODUCTS_DIR; };
		20111F881E3B7A870095EA90 /* ZhiHu_RxSwiftTests.swift */ = {isa = PBXFileReference; lastKnownFileType = sourcecode.swift; path = ZhiHu_RxSwiftTests.swift; sourceTree = "<group>"; };
		20111F8A1E3B7A870095EA90 /* Info.plist */ = {isa = PBXFileReference; lastKnownFileType = text.plist.xml; path = Info.plist; sourceTree = "<group>"; };
		20111F8F1E3B7A870095EA90 /* ZhiHu+RxSwiftUITests.xctest */ = {isa = PBXFileReference; explicitFileType = wrapper.cfbundle; includeInIndex = 0; path = "ZhiHu+RxSwiftUITests.xctest"; sourceTree = BUILT_PRODUCTS_DIR; };
		20111F931E3B7A870095EA90 /* ZhiHu_RxSwiftUITests.swift */ = {isa = PBXFileReference; lastKnownFileType = sourcecode.swift; path = ZhiHu_RxSwiftUITests.swift; sourceTree = "<group>"; };
		20111F951E3B7A870095EA90 /* Info.plist */ = {isa = PBXFileReference; lastKnownFileType = text.plist.xml; path = Info.plist; sourceTree = "<group>"; };
		4C9A9689D07E41B603B226C5 /* Pods-ZhiHu+RxSwift.debug.xcconfig */ = {isa = PBXFileReference; includeInIndex = 1; lastKnownFileType = text.xcconfig; name = "Pods-ZhiHu+RxSwift.debug.xcconfig"; path = "Pods/Target Support Files/Pods-ZhiHu+RxSwift/Pods-ZhiHu+RxSwift.debug.xcconfig"; sourceTree = "<group>"; };
		57AE22ED374C263D087B4CA3 /* Pods-ZhiHu+RxSwift.release.xcconfig */ = {isa = PBXFileReference; includeInIndex = 1; lastKnownFileType = text.xcconfig; name = "Pods-ZhiHu+RxSwift.release.xcconfig"; path = "Pods/Target Support Files/Pods-ZhiHu+RxSwift/Pods-ZhiHu+RxSwift.release.xcconfig"; sourceTree = "<group>"; };
		5BBB9E0D5531B515FC00D848 /* Pods_ZhiHu_RxSwift.framework */ = {isa = PBXFileReference; explicitFileType = wrapper.framework; includeInIndex = 0; path = Pods_ZhiHu_RxSwift.framework; sourceTree = BUILT_PRODUCTS_DIR; };
/* End PBXFileReference section */

/* Begin PBXFrameworksBuildPhase section */
		20111F6D1E3B7A860095EA90 /* Frameworks */ = {
			isa = PBXFrameworksBuildPhase;
			buildActionMask = 2147483647;
			files = (
				EFEC940163E83E30083F4D32 /* Pods_ZhiHu_RxSwift.framework in Frameworks */,
			);
			runOnlyForDeploymentPostprocessing = 0;
		};
		20111F811E3B7A870095EA90 /* Frameworks */ = {
			isa = PBXFrameworksBuildPhase;
			buildActionMask = 2147483647;
			files = (
			);
			runOnlyForDeploymentPostprocessing = 0;
		};
		20111F8C1E3B7A870095EA90 /* Frameworks */ = {
			isa = PBXFrameworksBuildPhase;
			buildActionMask = 2147483647;
			files = (
			);
			runOnlyForDeploymentPostprocessing = 0;
		};
/* End PBXFrameworksBuildPhase section */

/* Begin PBXGroup section */
		07BDB93A1E52AEE500D618DF /* viewControllers */ = {
			isa = PBXGroup;
			children = (
				07BDB93E1E52B57400D618DF /* DetailViewController.swift */,
				07BDB93F1E52B57400D618DF /* HomeViewController.swift */,
				07BDB9401E52B57400D618DF /* MenuViewController.swift */,
				07BDB9411E52B57400D618DF /* ThemeViewController.swift */,
				07F4127F1E56A5D200C5DE06 /* MainViewController.swift */,
			);
			path = viewControllers;
			sourceTree = "<group>";
		};
		07BDB93B1E52AF5C00D618DF /* views */ = {
			isa = PBXGroup;
			children = (
				07BDB9461E52B58B00D618DF /* BannerCell.swift */,
				07BDB9471E52B58B00D618DF /* BannerView.swift */,
				07BDB9481E52B58B00D618DF /* ListTableViewCell.swift */,
				07BDB9491E52B58B00D618DF /* RefreshView.swift */,
				07BDB94A1E52B58B00D618DF /* ThemeTableViewCell.swift */,
				07BDB95C1E5401E300D618DF /* DetailWebView.swift */,
			);
			path = views;
			sourceTree = "<group>";
		};
		07BDB93C1E52AF8600D618DF /* model */ = {
			isa = PBXGroup;
			children = (
				07BDB9501E52B59800D618DF /* NewsDetailModel.swift */,
				07BDB9511E52B59800D618DF /* StoryModel.swift */,
				07BDB9521E52B59800D618DF /* ThemeModel.swift */,
				07F412811E56AC7700C5DE06 /* LaunchModel.swift */,
			);
			path = model;
			sourceTree = "<group>";
		};
		07BDB93D1E52AFA300D618DF /* tool */ = {
			isa = PBXGroup;
			children = (
				07BDB9561E52B5A600D618DF /* ApiManager.swift */,
				07BDB9571E52B5A600D618DF /* ToModelExtension.swift */,
				07BDB9581E52B5A600D618DF /* ToolExtension.swift */,
			);
			path = tool;
			sourceTree = "<group>";
		};
		20111F671E3B7A860095EA90 = {
			isa = PBXGroup;
			children = (
				20111F721E3B7A860095EA90 /* ZhiHu+RxSwift */,
				20111F871E3B7A870095EA90 /* ZhiHu+RxSwiftTests */,
				20111F921E3B7A870095EA90 /* ZhiHu+RxSwiftUITests */,
				20111F711E3B7A860095EA90 /* Products */,
				438BF3A1C118D75F801919B0 /* Pods */,
				AB53DB4765A940F43E7B2B41 /* Frameworks */,
			);
			sourceTree = "<group>";
		};
		20111F711E3B7A860095EA90 /* Products */ = {
			isa = PBXGroup;
			children = (
				20111F701E3B7A860095EA90 /* ZhiHu+RxSwift.app */,
				20111F841E3B7A870095EA90 /* ZhiHu+RxSwiftTests.xctest */,
				20111F8F1E3B7A870095EA90 /* ZhiHu+RxSwiftUITests.xctest */,
			);
			name = Products;
			sourceTree = "<group>";
		};
		20111F721E3B7A860095EA90 /* ZhiHu+RxSwift */ = {
			isa = PBXGroup;
			children = (
				07BDB93A1E52AEE500D618DF /* viewControllers */,
				07BDB93B1E52AF5C00D618DF /* views */,
				07BDB93C1E52AF8600D618DF /* model */,
				07BDB93D1E52AFA300D618DF /* tool */,
				20111F731E3B7A860095EA90 /* AppDelegate.swift */,
				07F412791E569CDA00C5DE06 /* LaunchViewController.swift */,
				20111F771E3B7A860095EA90 /* Main.storyboard */,
				20111F7A1E3B7A860095EA90 /* Assets.xcassets */,
				20111F7C1E3B7A860095EA90 /* LaunchScreen.storyboard */,
				20111F7F1E3B7A860095EA90 /* Info.plist */,
				07F412831E58460700C5DE06 /* newsChange.gif */,
				07F412851E58461000C5DE06 /* menuShow.gif */,
			);
			path = "ZhiHu+RxSwift";
			sourceTree = "<group>";
		};
		20111F871E3B7A870095EA90 /* ZhiHu+RxSwiftTests */ = {
			isa = PBXGroup;
			children = (
				20111F881E3B7A870095EA90 /* ZhiHu_RxSwiftTests.swift */,
				20111F8A1E3B7A870095EA90 /* Info.plist */,
			);
			path = "ZhiHu+RxSwiftTests";
			sourceTree = "<group>";
		};
		20111F921E3B7A870095EA90 /* ZhiHu+RxSwiftUITests */ = {
			isa = PBXGroup;
			children = (
				20111F931E3B7A870095EA90 /* ZhiHu_RxSwiftUITests.swift */,
				20111F951E3B7A870095EA90 /* Info.plist */,
			);
			path = "ZhiHu+RxSwiftUITests";
			sourceTree = "<group>";
		};
		438BF3A1C118D75F801919B0 /* Pods */ = {
			isa = PBXGroup;
			children = (
				4C9A9689D07E41B603B226C5 /* Pods-ZhiHu+RxSwift.debug.xcconfig */,
				57AE22ED374C263D087B4CA3 /* Pods-ZhiHu+RxSwift.release.xcconfig */,
			);
			name = Pods;
			sourceTree = "<group>";
		};
		AB53DB4765A940F43E7B2B41 /* Frameworks */ = {
			isa = PBXGroup;
			children = (
				5BBB9E0D5531B515FC00D848 /* Pods_ZhiHu_RxSwift.framework */,
			);
			name = Frameworks;
			sourceTree = "<group>";
		};
/* End PBXGroup section */

/* Begin PBXNativeTarget section */
		20111F6F1E3B7A860095EA90 /* ZhiHu+RxSwift */ = {
			isa = PBXNativeTarget;
			buildConfigurationList = 20111F981E3B7A870095EA90 /* Build configuration list for PBXNativeTarget "ZhiHu+RxSwift" */;
			buildPhases = (
				C4518D6CF7109CFE7695E29C /* [CP] Check Pods Manifest.lock */,
				20111F6C1E3B7A860095EA90 /* Sources */,
				20111F6D1E3B7A860095EA90 /* Frameworks */,
				20111F6E1E3B7A860095EA90 /* Resources */,
				5547A9CE5C5D86620875D5B2 /* [CP] Embed Pods Frameworks */,
				79E7D454B3F872AC755A8E8D /* [CP] Copy Pods Resources */,
			);
			buildRules = (
			);
			dependencies = (
			);
			name = "ZhiHu+RxSwift";
			productName = "ZhiHu+RxSwift";
			productReference = 20111F701E3B7A860095EA90 /* ZhiHu+RxSwift.app */;
			productType = "com.apple.product-type.application";
		};
		20111F831E3B7A870095EA90 /* ZhiHu+RxSwiftTests */ = {
			isa = PBXNativeTarget;
			buildConfigurationList = 20111F9B1E3B7A870095EA90 /* Build configuration list for PBXNativeTarget "ZhiHu+RxSwiftTests" */;
			buildPhases = (
				20111F801E3B7A870095EA90 /* Sources */,
				20111F811E3B7A870095EA90 /* Frameworks */,
				20111F821E3B7A870095EA90 /* Resources */,
			);
			buildRules = (
			);
			dependencies = (
				20111F861E3B7A870095EA90 /* PBXTargetDependency */,
			);
			name = "ZhiHu+RxSwiftTests";
			productName = "ZhiHu+RxSwiftTests";
			productReference = 20111F841E3B7A870095EA90 /* ZhiHu+RxSwiftTests.xctest */;
			productType = "com.apple.product-type.bundle.unit-test";
		};
		20111F8E1E3B7A870095EA90 /* ZhiHu+RxSwiftUITests */ = {
			isa = PBXNativeTarget;
			buildConfigurationList = 20111F9E1E3B7A870095EA90 /* Build configuration list for PBXNativeTarget "ZhiHu+RxSwiftUITests" */;
			buildPhases = (
				20111F8B1E3B7A870095EA90 /* Sources */,
				20111F8C1E3B7A870095EA90 /* Frameworks */,
				20111F8D1E3B7A870095EA90 /* Resources */,
			);
			buildRules = (
			);
			dependencies = (
				20111F911E3B7A870095EA90 /* PBXTargetDependency */,
			);
			name = "ZhiHu+RxSwiftUITests";
			productName = "ZhiHu+RxSwiftUITests";
			productReference = 20111F8F1E3B7A870095EA90 /* ZhiHu+RxSwiftUITests.xctest */;
			productType = "com.apple.product-type.bundle.ui-testing";
		};
/* End PBXNativeTarget section */

/* Begin PBXProject section */
		20111F681E3B7A860095EA90 /* Project object */ = {
			isa = PBXProject;
			attributes = {
				LastSwiftUpdateCheck = 0820;
				LastUpgradeCheck = 0820;
				ORGANIZATIONNAME = like;
				TargetAttributes = {
					20111F6F1E3B7A860095EA90 = {
						CreatedOnToolsVersion = 8.2.1;
						DevelopmentTeam = LQ4F4QPT53;
						ProvisioningStyle = Automatic;
					};
					20111F831E3B7A870095EA90 = {
						CreatedOnToolsVersion = 8.2.1;
						ProvisioningStyle = Automatic;
						TestTargetID = 20111F6F1E3B7A860095EA90;
					};
					20111F8E1E3B7A870095EA90 = {
						CreatedOnToolsVersion = 8.2.1;
						ProvisioningStyle = Automatic;
						TestTargetID = 20111F6F1E3B7A860095EA90;
					};
				};
			};
			buildConfigurationList = 20111F6B1E3B7A860095EA90 /* Build configuration list for PBXProject "ZhiHu+RxSwift" */;
			compatibilityVersion = "Xcode 3.2";
			developmentRegion = English;
			hasScannedForEncodings = 0;
			knownRegions = (
				en,
				Base,
			);
			mainGroup = 20111F671E3B7A860095EA90;
			productRefGroup = 20111F711E3B7A860095EA90 /* Products */;
			projectDirPath = "";
			projectRoot = "";
			targets = (
				20111F6F1E3B7A860095EA90 /* ZhiHu+RxSwift */,
				20111F831E3B7A870095EA90 /* ZhiHu+RxSwiftTests */,
				20111F8E1E3B7A870095EA90 /* ZhiHu+RxSwiftUITests */,
			);
		};
/* End PBXProject section */

/* Begin PBXResourcesBuildPhase section */
		20111F6E1E3B7A860095EA90 /* Resources */ = {
			isa = PBXResourcesBuildPhase;
			buildActionMask = 2147483647;
			files = (
				07F412861E58461000C5DE06 /* menuShow.gif in Resources */,
				20111F7E1E3B7A860095EA90 /* LaunchScreen.storyboard in Resources */,
				07F412841E58460700C5DE06 /* newsChange.gif in Resources */,
				20111F7B1E3B7A860095EA90 /* Assets.xcassets in Resources */,
				20111F791E3B7A860095EA90 /* Main.storyboard in Resources */,
			);
			runOnlyForDeploymentPostprocessing = 0;
		};
		20111F821E3B7A870095EA90 /* Resources */ = {
			isa = PBXResourcesBuildPhase;
			buildActionMask = 2147483647;
			files = (
			);
			runOnlyForDeploymentPostprocessing = 0;
		};
		20111F8D1E3B7A870095EA90 /* Resources */ = {
			isa = PBXResourcesBuildPhase;
			buildActionMask = 2147483647;
			files = (
			);
			runOnlyForDeploymentPostprocessing = 0;
		};
/* End PBXResourcesBuildPhase section */

/* Begin PBXShellScriptBuildPhase section */
		5547A9CE5C5D86620875D5B2 /* [CP] Embed Pods Frameworks */ = {
			isa = PBXShellScriptBuildPhase;
			buildActionMask = 2147483647;
			files = (
			);
			inputPaths = (
			);
			name = "[CP] Embed Pods Frameworks";
			outputPaths = (
			);
			runOnlyForDeploymentPostprocessing = 0;
			shellPath = /bin/sh;
			shellScript = "\"${SRCROOT}/Pods/Target Support Files/Pods-ZhiHu+RxSwift/Pods-ZhiHu+RxSwift-frameworks.sh\"\n";
			showEnvVarsInLog = 0;
		};
		79E7D454B3F872AC755A8E8D /* [CP] Copy Pods Resources */ = {
			isa = PBXShellScriptBuildPhase;
			buildActionMask = 2147483647;
			files = (
			);
			inputPaths = (
			);
			name = "[CP] Copy Pods Resources";
			outputPaths = (
			);
			runOnlyForDeploymentPostprocessing = 0;
			shellPath = /bin/sh;
			shellScript = "\"${SRCROOT}/Pods/Target Support Files/Pods-ZhiHu+RxSwift/Pods-ZhiHu+RxSwift-resources.sh\"\n";
			showEnvVarsInLog = 0;
		};
		C4518D6CF7109CFE7695E29C /* [CP] Check Pods Manifest.lock */ = {
			isa = PBXShellScriptBuildPhase;
			buildActionMask = 2147483647;
			files = (
			);
			inputPaths = (
			);
			name = "[CP] Check Pods Manifest.lock";
			outputPaths = (
			);
			runOnlyForDeploymentPostprocessing = 0;
			shellPath = /bin/sh;
			shellScript = "diff \"${PODS_ROOT}/../Podfile.lock\" \"${PODS_ROOT}/Manifest.lock\" > /dev/null\nif [ $? != 0 ] ; then\n    # print error to STDERR\n    echo \"error: The sandbox is not in sync with the Podfile.lock. Run 'pod install' or update your CocoaPods installation.\" >&2\n    exit 1\nfi\n";
			showEnvVarsInLog = 0;
		};
/* End PBXShellScriptBuildPhase section */

/* Begin PBXSourcesBuildPhase section */
		20111F6C1E3B7A860095EA90 /* Sources */ = {
			isa = PBXSourcesBuildPhase;
			buildActionMask = 2147483647;
			files = (
				20111F741E3B7A860095EA90 /* AppDelegate.swift in Sources */,
				07BDB9421E52B57400D618DF /* DetailViewController.swift in Sources */,
				07BDB9431E52B57400D618DF /* HomeViewController.swift in Sources */,
				07BDB95A1E52B5A600D618DF /* ToModelExtension.swift in Sources */,
				07F412821E56AC7700C5DE06 /* LaunchModel.swift in Sources */,
				07BDB9531E52B59800D618DF /* NewsDetailModel.swift in Sources */,
				07F412801E56A5D200C5DE06 /* MainViewController.swift in Sources */,
				07BDB94E1E52B58B00D618DF /* RefreshView.swift in Sources */,
				07BDB94B1E52B58B00D618DF /* BannerCell.swift in Sources */,
				07F4127A1E569CDA00C5DE06 /* LaunchViewController.swift in Sources */,
				07BDB95D1E5401E300D618DF /* DetailWebView.swift in Sources */,
				07BDB94D1E52B58B00D618DF /* ListTableViewCell.swift in Sources */,
				07BDB9541E52B59800D618DF /* StoryModel.swift in Sources */,
				07BDB95B1E52B5A600D618DF /* ToolExtension.swift in Sources */,
				07BDB9551E52B59800D618DF /* ThemeModel.swift in Sources */,
				07BDB9451E52B57400D618DF /* ThemeViewController.swift in Sources */,
				07BDB9591E52B5A600D618DF /* ApiManager.swift in Sources */,
				07BDB94F1E52B58B00D618DF /* ThemeTableViewCell.swift in Sources */,
				07BDB94C1E52B58B00D618DF /* BannerView.swift in Sources */,
				07BDB9441E52B57400D618DF /* MenuViewController.swift in Sources */,
			);
			runOnlyForDeploymentPostprocessing = 0;
		};
		20111F801E3B7A870095EA90 /* Sources */ = {
			isa = PBXSourcesBuildPhase;
			buildActionMask = 2147483647;
			files = (
				20111F891E3B7A870095EA90 /* ZhiHu_RxSwiftTests.swift in Sources */,
			);
			runOnlyForDeploymentPostprocessing = 0;
		};
		20111F8B1E3B7A870095EA90 /* Sources */ = {
			isa = PBXSourcesBuildPhase;
			buildActionMask = 2147483647;
			files = (
				20111F941E3B7A870095EA90 /* ZhiHu_RxSwiftUITests.swift in Sources */,
			);
			runOnlyForDeploymentPostprocessing = 0;
		};
/* End PBXSourcesBuildPhase section */

/* Begin PBXTargetDependency section */
		20111F861E3B7A870095EA90 /* PBXTargetDependency */ = {
			isa = PBXTargetDependency;
			target = 20111F6F1E3B7A860095EA90 /* ZhiHu+RxSwift */;
			targetProxy = 20111F851E3B7A870095EA90 /* PBXContainerItemProxy */;
		};
		20111F911E3B7A870095EA90 /* PBXTargetDependency */ = {
			isa = PBXTargetDependency;
			target = 20111F6F1E3B7A860095EA90 /* ZhiHu+RxSwift */;
			targetProxy = 20111F901E3B7A870095EA90 /* PBXContainerItemProxy */;
		};
/* End PBXTargetDependency section */

/* Begin PBXVariantGroup section */
		20111F771E3B7A860095EA90 /* Main.storyboard */ = {
			isa = PBXVariantGroup;
			children = (
				20111F781E3B7A860095EA90 /* Base */,
			);
			name = Main.storyboard;
			sourceTree = "<group>";
		};
		20111F7C1E3B7A860095EA90 /* LaunchScreen.storyboard */ = {
			isa = PBXVariantGroup;
			children = (
				20111F7D1E3B7A860095EA90 /* Base */,
			);
			name = LaunchScreen.storyboard;
			sourceTree = "<group>";
		};
/* End PBXVariantGroup section */

/* Begin XCBuildConfiguration section */
		20111F961E3B7A870095EA90 /* Debug */ = {
			isa = XCBuildConfiguration;
			buildSettings = {
				ALWAYS_SEARCH_USER_PATHS = NO;
				CLANG_ANALYZER_NONNULL = YES;
				CLANG_CXX_LANGUAGE_STANDARD = "gnu++0x";
				CLANG_CXX_LIBRARY = "libc++";
				CLANG_ENABLE_MODULES = YES;
				CLANG_ENABLE_OBJC_ARC = YES;
				CLANG_WARN_BOOL_CONVERSION = YES;
				CLANG_WARN_CONSTANT_CONVERSION = YES;
				CLANG_WARN_DIRECT_OBJC_ISA_USAGE = YES_ERROR;
				CLANG_WARN_DOCUMENTATION_COMMENTS = YES;
				CLANG_WARN_EMPTY_BODY = YES;
				CLANG_WARN_ENUM_CONVERSION = YES;
				CLANG_WARN_INFINITE_RECURSION = YES;
				CLANG_WARN_INT_CONVERSION = YES;
				CLANG_WARN_OBJC_ROOT_CLASS = YES_ERROR;
				CLANG_WARN_SUSPICIOUS_MOVE = YES;
				CLANG_WARN_UNREACHABLE_CODE = YES;
				CLANG_WARN__DUPLICATE_METHOD_MATCH = YES;
				"CODE_SIGN_IDENTITY[sdk=iphoneos*]" = "iPhone Developer";
				COPY_PHASE_STRIP = NO;
				DEBUG_INFORMATION_FORMAT = dwarf;
				ENABLE_STRICT_OBJC_MSGSEND = YES;
				ENABLE_TESTABILITY = YES;
				GCC_C_LANGUAGE_STANDARD = gnu99;
				GCC_DYNAMIC_NO_PIC = NO;
				GCC_NO_COMMON_BLOCKS = YES;
				GCC_OPTIMIZATION_LEVEL = 0;
				GCC_PREPROCESSOR_DEFINITIONS = (
					"DEBUG=1",
					"$(inherited)",
				);
				GCC_WARN_64_TO_32_BIT_CONVERSION = YES;
				GCC_WARN_ABOUT_RETURN_TYPE = YES_ERROR;
				GCC_WARN_UNDECLARED_SELECTOR = YES;
				GCC_WARN_UNINITIALIZED_AUTOS = YES_AGGRESSIVE;
				GCC_WARN_UNUSED_FUNCTION = YES;
				GCC_WARN_UNUSED_VARIABLE = YES;
				IPHONEOS_DEPLOYMENT_TARGET = 10.2;
				MTL_ENABLE_DEBUG_INFO = YES;
				ONLY_ACTIVE_ARCH = YES;
				SDKROOT = iphoneos;
				SWIFT_ACTIVE_COMPILATION_CONDITIONS = DEBUG;
				SWIFT_OPTIMIZATION_LEVEL = "-Onone";
			};
			name = Debug;
		};
		20111F971E3B7A870095EA90 /* Release */ = {
			isa = XCBuildConfiguration;
			buildSettings = {
				ALWAYS_SEARCH_USER_PATHS = NO;
				CLANG_ANALYZER_NONNULL = YES;
				CLANG_CXX_LANGUAGE_STANDARD = "gnu++0x";
				CLANG_CXX_LIBRARY = "libc++";
				CLANG_ENABLE_MODULES = YES;
				CLANG_ENABLE_OBJC_ARC = YES;
				CLANG_WARN_BOOL_CONVERSION = YES;
				CLANG_WARN_CONSTANT_CONVERSION = YES;
				CLANG_WARN_DIRECT_OBJC_ISA_USAGE = YES_ERROR;
				CLANG_WARN_DOCUMENTATION_COMMENTS = YES;
				CLANG_WARN_EMPTY_BODY = YES;
				CLANG_WARN_ENUM_CONVERSION = YES;
				CLANG_WARN_INFINITE_RECURSION = YES;
				CLANG_WARN_INT_CONVERSION = YES;
				CLANG_WARN_OBJC_ROOT_CLASS = YES_ERROR;
				CLANG_WARN_SUSPICIOUS_MOVE = YES;
				CLANG_WARN_UNREACHABLE_CODE = YES;
				CLANG_WARN__DUPLICATE_METHOD_MATCH = YES;
				"CODE_SIGN_IDENTITY[sdk=iphoneos*]" = "iPhone Developer";
				COPY_PHASE_STRIP = NO;
				DEBUG_INFORMATION_FORMAT = "dwarf-with-dsym";
				ENABLE_NS_ASSERTIONS = NO;
				ENABLE_STRICT_OBJC_MSGSEND = YES;
				GCC_C_LANGUAGE_STANDARD = gnu99;
				GCC_NO_COMMON_BLOCKS = YES;
				GCC_WARN_64_TO_32_BIT_CONVERSION = YES;
				GCC_WARN_ABOUT_RETURN_TYPE = YES_ERROR;
				GCC_WARN_UNDECLARED_SELECTOR = YES;
				GCC_WARN_UNINITIALIZED_AUTOS = YES_AGGRESSIVE;
				GCC_WARN_UNUSED_FUNCTION = YES;
				GCC_WARN_UNUSED_VARIABLE = YES;
				IPHONEOS_DEPLOYMENT_TARGET = 10.2;
				MTL_ENABLE_DEBUG_INFO = NO;
				SDKROOT = iphoneos;
				SWIFT_OPTIMIZATION_LEVEL = "-Owholemodule";
				VALIDATE_PRODUCT = YES;
			};
			name = Release;
		};
		20111F991E3B7A870095EA90 /* Debug */ = {
			isa = XCBuildConfiguration;
			baseConfigurationReference = 4C9A9689D07E41B603B226C5 /* Pods-ZhiHu+RxSwift.debug.xcconfig */;
			buildSettings = {
				ASSETCATALOG_COMPILER_APPICON_NAME = AppIcon;
				CLANG_CXX_LIBRARY = "libc++";
				DEVELOPMENT_TEAM = LQ4F4QPT53;
				INFOPLIST_FILE = "ZhiHu+RxSwift/Info.plist";
				IPHONEOS_DEPLOYMENT_TARGET = 9.0;
				LD_RUNPATH_SEARCH_PATHS = "$(inherited) @executable_path/Frameworks";
				PRODUCT_BUNDLE_IDENTIFIER = "like.com.ZhiHu-RxSwift";
				PRODUCT_NAME = "$(TARGET_NAME)";
				SWIFT_VERSION = 3.0;
			};
			name = Debug;
		};
		20111F9A1E3B7A870095EA90 /* Release */ = {
			isa = XCBuildConfiguration;
			baseConfigurationReference = 57AE22ED374C263D087B4CA3 /* Pods-ZhiHu+RxSwift.release.xcconfig */;
			buildSettings = {
				ASSETCATALOG_COMPILER_APPICON_NAME = AppIcon;
				CLANG_CXX_LIBRARY = "libc++";
				DEVELOPMENT_TEAM = LQ4F4QPT53;
				GCC_OPTIMIZATION_LEVEL = s;
				INFOPLIST_FILE = "ZhiHu+RxSwift/Info.plist";
				IPHONEOS_DEPLOYMENT_TARGET = 9.0;
				LD_RUNPATH_SEARCH_PATHS = "$(inherited) @executable_path/Frameworks";
				PRODUCT_BUNDLE_IDENTIFIER = "like.com.ZhiHu-RxSwift";
				PRODUCT_NAME = "$(TARGET_NAME)";
				SWIFT_OPTIMIZATION_LEVEL = "-Owholemodule";
				SWIFT_VERSION = 3.0;
			};
			name = Release;
		};
		20111F9C1E3B7A870095EA90 /* Debug */ = {
			isa = XCBuildConfiguration;
			buildSettings = {
				ALWAYS_EMBED_SWIFT_STANDARD_LIBRARIES = YES;
				BUNDLE_LOADER = "$(TEST_HOST)";
				INFOPLIST_FILE = "ZhiHu+RxSwiftTests/Info.plist";
				LD_RUNPATH_SEARCH_PATHS = "$(inherited) @executable_path/Frameworks @loader_path/Frameworks";
				PRODUCT_BUNDLE_IDENTIFIER = "like.com.ZhiHu-RxSwiftTests";
				PRODUCT_NAME = "$(TARGET_NAME)";
				SWIFT_VERSION = 3.0;
				TEST_HOST = "$(BUILT_PRODUCTS_DIR)/ZhiHu+RxSwift.app/ZhiHu+RxSwift";
			};
			name = Debug;
		};
		20111F9D1E3B7A870095EA90 /* Release */ = {
			isa = XCBuildConfiguration;
			buildSettings = {
				ALWAYS_EMBED_SWIFT_STANDARD_LIBRARIES = YES;
				BUNDLE_LOADER = "$(TEST_HOST)";
				INFOPLIST_FILE = "ZhiHu+RxSwiftTests/Info.plist";
				LD_RUNPATH_SEARCH_PATHS = "$(inherited) @executable_path/Frameworks @loader_path/Frameworks";
				PRODUCT_BUNDLE_IDENTIFIER = "like.com.ZhiHu-RxSwiftTests";
				PRODUCT_NAME = "$(TARGET_NAME)";
				SWIFT_VERSION = 3.0;
				TEST_HOST = "$(BUILT_PRODUCTS_DIR)/ZhiHu+RxSwift.app/ZhiHu+RxSwift";
			};
			name = Release;
		};
		20111F9F1E3B7A870095EA90 /* Debug */ = {
			isa = XCBuildConfiguration;
			buildSettings = {
				ALWAYS_EMBED_SWIFT_STANDARD_LIBRARIES = YES;
				INFOPLIST_FILE = "ZhiHu+RxSwiftUITests/Info.plist";
				LD_RUNPATH_SEARCH_PATHS = "$(inherited) @executable_path/Frameworks @loader_path/Frameworks";
				PRODUCT_BUNDLE_IDENTIFIER = "like.com.ZhiHu-RxSwiftUITests";
				PRODUCT_NAME = "$(TARGET_NAME)";
				SWIFT_VERSION = 3.0;
				TEST_TARGET_NAME = "ZhiHu+RxSwift";
			};
			name = Debug;
		};
		20111FA01E3B7A870095EA90 /* Release */ = {
			isa = XCBuildConfiguration;
			buildSettings = {
				ALWAYS_EMBED_SWIFT_STANDARD_LIBRARIES = YES;
				INFOPLIST_FILE = "ZhiHu+RxSwiftUITests/Info.plist";
				LD_RUNPATH_SEARCH_PATHS = "$(inherited) @executable_path/Frameworks @loader_path/Frameworks";
				PRODUCT_BUNDLE_IDENTIFIER = "like.com.ZhiHu-RxSwiftUITests";
				PRODUCT_NAME = "$(TARGET_NAME)";
				SWIFT_VERSION = 3.0;
				TEST_TARGET_NAME = "ZhiHu+RxSwift";
			};
			name = Release;
		};
/* End XCBuildConfiguration section */

/* Begin XCConfigurationList section */
		20111F6B1E3B7A860095EA90 /* Build configuration list for PBXProject "ZhiHu+RxSwift" */ = {
			isa = XCConfigurationList;
			buildConfigurations = (
				20111F961E3B7A870095EA90 /* Debug */,
				20111F971E3B7A870095EA90 /* Release */,
			);
			defaultConfigurationIsVisible = 0;
			defaultConfigurationName = Release;
		};
		20111F981E3B7A870095EA90 /* Build configuration list for PBXNativeTarget "ZhiHu+RxSwift" */ = {
			isa = XCConfigurationList;
			buildConfigurations = (
				20111F991E3B7A870095EA90 /* Debug */,
				20111F9A1E3B7A870095EA90 /* Release */,
			);
			defaultConfigurationIsVisible = 0;
			defaultConfigurationName = Release;
		};
		20111F9B1E3B7A870095EA90 /* Build configuration list for PBXNativeTarget "ZhiHu+RxSwiftTests" */ = {
			isa = XCConfigurationList;
			buildConfigurations = (
				20111F9C1E3B7A870095EA90 /* Debug */,
				20111F9D1E3B7A870095EA90 /* Release */,
			);
			defaultConfigurationIsVisible = 0;
			defaultConfigurationName = Release;
		};
		20111F9E1E3B7A870095EA90 /* Build configuration list for PBXNativeTarget "ZhiHu+RxSwiftUITests" */ = {
			isa = XCConfigurationList;
			buildConfigurations = (
				20111F9F1E3B7A870095EA90 /* Debug */,
				20111FA01E3B7A870095EA90 /* Release */,
			);
			defaultConfigurationIsVisible = 0;
			defaultConfigurationName = Release;
		};
/* End XCConfigurationList section */
	};
	rootObject = 20111F681E3B7A860095EA90 /* Project object */;
}
